
Microsoft Visual Studio Solution File, Format Version 12.00
# Visual Studio 15
VisualStudioVersion = 15.0.28307.1300
MinimumVisualStudioVersion = 10.0.40219.1
Project("{8BC9CEB8-8B4A-11D0-8D11-00A0C91BC942}") = "20-11", "20-11\20-11.vcxproj", "{73273679-8130-42DA-B797-CC208DF2EDF6}"
EndProject
Global
	GlobalSection(SolutionConfigurationPlatforms) = preSolution
		Debug|x64 = Debug|x64
		Debug|x86 = Debug|x86
		Release|x64 = Release|x64
		Release|x86 = Release|x86
	EndGlobalSection
	GlobalSection(ProjectConfigurationPlatforms) = postSolution
		{73273679-8130-42DA-B797-CC208DF2EDF6}.Debug|x64.ActiveCfg = Debug|x64
		{73273679-8130-42DA-B797-CC208DF2EDF6}.Debug|x64.Build.0 = Debug|x64
		{73273679-8130-42DA-B797-CC208DF2EDF6}.Debug|x86.ActiveCfg = Debug|Win32
		{73273679-8130-42DA-B797-CC208DF2EDF6}.Debug|x86.Build.0 = Debug|Win32
		{73273679-8130-42DA-B797-CC208DF2EDF6}.Release|x64.ActiveCfg = Release|x64
		{73273679-8130-42DA-B797-CC208DF2EDF6}.Release|x64.Build.0 = Release|x64
		{73273679-8130-42DA-B797-CC208DF2EDF6}.Release|x86.ActiveCfg = Release|Win32
		{73273679-8130-42DA-B797-CC208DF2EDF6}.Release|x86.Build.0 = Release|Win32
	EndGlobalSection
	GlobalSection(SolutionProperties) = preSolution
		HideSolutionNode = FALSE
	EndGlobalSection
	GlobalSection(ExtensibilityGlobals) = postSolution
		SolutionGuid = {25EDE784-B6C6-409B-AD6F-0969B2C91747}
	EndGlobalSection
EndGlobal
